
Microsoft Visual Studio Solution File, Format Version 12.00
# Visual Studio 15
VisualStudioVersion = 15.0.27703.2047
MinimumVisualStudioVersion = 10.0.40219.1
Project("{FAE04EC0-301F-11D3-BF4B-00C04F79EFBC}") = "XamarinStarWars.Android", "XamarinStarWars\XamarinStarWars.Android\XamarinStarWars.Android.csproj", "{08E5F195-0FC8-4CD6-9792-DEDF823AE20D}"
EndProject
Project("{FAE04EC0-301F-11D3-BF4B-00C04F79EFBC}") = "XamarinStarWars.iOS", "XamarinStarWars\XamarinStarWars.iOS\XamarinStarWars.iOS.csproj", "{C0DAEB27-583C-4EA7-AEEB-9C62D43812E6}"
EndProject
Project("{FAE04EC0-301F-11D3-BF4B-00C04F79EFBC}") = "XamarinStarWars", "XamarinStarWars\XamarinStarWars\XamarinStarWars.csproj", "{A4F181D8-4509-4A86-A2C1-12DA0AB32452}"
EndProject
Global
	GlobalSection(SolutionConfigurationPlatforms) = preSolution
		Ad-Hoc|Any CPU = Ad-Hoc|Any CPU
		Ad-Hoc|iPhone = Ad-Hoc|iPhone
		Ad-Hoc|iPhoneSimulator = Ad-Hoc|iPhoneSimulator
		AppStore|Any CPU = AppStore|Any CPU
		AppStore|iPhone = AppStore|iPhone
		AppStore|iPhoneSimulator = AppStore|iPhoneSimulator
		Debug|Any CPU = Debug|Any CPU
		Debug|iPhone = Debug|iPhone
		Debug|iPhoneSimulator = Debug|iPhoneSimulator
		Release|Any CPU = Release|Any CPU
		Release|iPhone = Release|iPhone
		Release|iPhoneSimulator = Release|iPhoneSimulator
	EndGlobalSection
	GlobalSection(ProjectConfigurationPlatforms) = postSolution
		{08E5F195-0FC8-4CD6-9792-DEDF823AE20D}.Ad-Hoc|Any CPU.ActiveCfg = Release|Any CPU
		{08E5F195-0FC8-4CD6-9792-DEDF823AE20D}.Ad-Hoc|Any CPU.Build.0 = Release|Any CPU
		{08E5F195-0FC8-4CD6-9792-DEDF823AE20D}.Ad-Hoc|Any CPU.Deploy.0 = Release|Any CPU
		{08E5F195-0FC8-4CD6-9792-DEDF823AE20D}.Ad-Hoc|iPhone.ActiveCfg = Release|Any CPU
		{08E5F195-0FC8-4CD6-9792-DEDF823AE20D}.Ad-Hoc|iPhone.Build.0 = Release|Any CPU
		{08E5F195-0FC8-4CD6-9792-DEDF823AE20D}.Ad-Hoc|iPhone.Deploy.0 = Release|Any CPU
		{08E5F195-0FC8-4CD6-9792-DEDF823AE20D}.Ad-Hoc|iPhoneSimulator.ActiveCfg = Release|Any CPU
		{08E5F195-0FC8-4CD6-9792-DEDF823AE20D}.Ad-Hoc|iPhoneSimulator.Build.0 = Release|Any CPU
		{08E5F195-0FC8-4CD6-9792-DEDF823AE20D}.Ad-Hoc|iPhoneSimulator.Deploy.0 = Release|Any CPU
		{08E5F195-0FC8-4CD6-9792-DEDF823AE20D}.AppStore|Any CPU.ActiveCfg = Release|Any CPU
		{08E5F195-0FC8-4CD6-9792-DEDF823AE20D}.AppStore|Any CPU.Build.0 = Release|Any CPU
		{08E5F195-0FC8-4CD6-9792-DEDF823AE20D}.AppStore|Any CPU.Deploy.0 = Release|Any CPU
		{08E5F195-0FC8-4CD6-9792-DEDF823AE20D}.AppStore|iPhone.ActiveCfg = Release|Any CPU
		{08E5F195-0FC8-4CD6-9792-DEDF823AE20D}.AppStore|iPhone.Build.0 = Release|Any CPU
		{08E5F195-0FC8-4CD6-9792-DEDF823AE20D}.AppStore|iPhone.Deploy.0 = Release|Any CPU
		{08E5F195-0FC8-4CD6-9792-DEDF823AE20D}.AppStore|iPhoneSimulator.ActiveCfg = Release|Any CPU
		{08E5F195-0FC8-4CD6-9792-DEDF823AE20D}.AppStore|iPhoneSimulator.Build.0 = Release|Any CPU
		{08E5F195-0FC8-4CD6-9792-DEDF823AE20D}.AppStore|iPhoneSimulator.Deploy.0 = Release|Any CPU
		{08E5F195-0FC8-4CD6-9792-DEDF823AE20D}.Debug|Any CPU.ActiveCfg = Debug|Any CPU
		{08E5F195-0FC8-4CD6-9792-DEDF823AE20D}.Debug|Any CPU.Build.0 = Debug|Any CPU
		{08E5F195-0FC8-4CD6-9792-DEDF823AE20D}.Debug|Any CPU.Deploy.0 = Debug|Any CPU
		{08E5F195-0FC8-4CD6-9792-DEDF823AE20D}.Debug|iPhone.ActiveCfg = Debug|Any CPU
		{08E5F195-0FC8-4CD6-9792-DEDF823AE20D}.Debug|iPhone.Build.0 = Debug|Any CPU
		{08E5F195-0FC8-4CD6-9792-DEDF823AE20D}.Debug|iPhone.Deploy.0 = Debug|Any CPU
		{08E5F195-0FC8-4CD6-9792-DEDF823AE20D}.Debug|iPhoneSimulator.ActiveCfg = Debug|Any CPU
		{08E5F195-0FC8-4CD6-9792-DEDF823AE20D}.Debug|iPhoneSimulator.Build.0 = Debug|Any CPU
		{08E5F195-0FC8-4CD6-9792-DEDF823AE20D}.Debug|iPhoneSimulator.Deploy.0 = Debug|Any CPU
		{08E5F195-0FC8-4CD6-9792-DEDF823AE20D}.Release|Any CPU.ActiveCfg = Release|Any CPU
		{08E5F195-0FC8-4CD6-9792-DEDF823AE20D}.Release|Any CPU.Build.0 = Release|Any CPU
		{08E5F195-0FC8-4CD6-9792-DEDF823AE20D}.Release|Any CPU.Deploy.0 = Release|Any CPU
		{08E5F195-0FC8-4CD6-9792-DEDF823AE20D}.Release|iPhone.ActiveCfg = Release|Any CPU
		{08E5F195-0FC8-4CD6-9792-DEDF823AE20D}.Release|iPhone.Build.0 = Release|Any CPU
		{08E5F195-0FC8-4CD6-9792-DEDF823AE20D}.Release|iPhone.Deploy.0 = Release|Any CPU
		{08E5F195-0FC8-4CD6-9792-DEDF823AE20D}.Release|iPhoneSimulator.ActiveCfg = Release|Any CPU
		{08E5F195-0FC8-4CD6-9792-DEDF823AE20D}.Release|iPhoneSimulator.Build.0 = Release|Any CPU
		{08E5F195-0FC8-4CD6-9792-DEDF823AE20D}.Release|iPhoneSimulator.Deploy.0 = Release|Any CPU
		{C0DAEB27-583C-4EA7-AEEB-9C62D43812E6}.Ad-Hoc|Any CPU.ActiveCfg = Ad-Hoc|iPhone
		{C0DAEB27-583C-4EA7-AEEB-9C62D43812E6}.Ad-Hoc|Any CPU.Build.0 = Ad-Hoc|iPhone
		{C0DAEB27-583C-4EA7-AEEB-9C62D43812E6}.Ad-Hoc|Any CPU.Deploy.0 = Ad-Hoc|iPhone
		{C0DAEB27-583C-4EA7-AEEB-9C62D43812E6}.Ad-Hoc|iPhone.ActiveCfg = Ad-Hoc|iPhone
		{C0DAEB27-583C-4EA7-AEEB-9C62D43812E6}.Ad-Hoc|iPhone.Build.0 = Ad-Hoc|iPhone
		{C0DAEB27-583C-4EA7-AEEB-9C62D43812E6}.Ad-Hoc|iPhone.Deploy.0 = Ad-Hoc|iPhone
		{C0DAEB27-583C-4EA7-AEEB-9C62D43812E6}.Ad-Hoc|iPhoneSimulator.ActiveCfg = Ad-Hoc|iPhoneSimulator
		{C0DAEB27-583C-4EA7-AEEB-9C62D43812E6}.Ad-Hoc|iPhoneSimulator.Build.0 = Ad-Hoc|iPhoneSimulator
		{C0DAEB27-583C-4EA7-AEEB-9C62D43812E6}.Ad-Hoc|iPhoneSimulator.Deploy.0 = Ad-Hoc|iPhoneSimulator
		{C0DAEB27-583C-4EA7-AEEB-9C62D43812E6}.AppStore|Any CPU.ActiveCfg = AppStore|iPhone
		{C0DAEB27-583C-4EA7-AEEB-9C62D43812E6}.AppStore|Any CPU.Build.0 = AppStore|iPhone
		{C0DAEB27-583C-4EA7-AEEB-9C62D43812E6}.AppStore|Any CPU.Deploy.0 = AppStore|iPhone
		{C0DAEB27-583C-4EA7-AEEB-9C62D43812E6}.AppStore|iPhone.ActiveCfg = AppStore|iPhone
		{C0DAEB27-583C-4EA7-AEEB-9C62D43812E6}.AppStore|iPhone.Build.0 = AppStore|iPhone
		{C0DAEB27-583C-4EA7-AEEB-9C62D43812E6}.AppStore|iPhone.Deploy.0 = AppStore|iPhone
		{C0DAEB27-583C-4EA7-AEEB-9C62D43812E6}.AppStore|iPhoneSimulator.ActiveCfg = AppStore|iPhoneSimulator
		{C0DAEB27-583C-4EA7-AEEB-9C62D43812E6}.AppStore|iPhoneSimulator.Build.0 = AppStore|iPhoneSimulator
		{C0DAEB27-583C-4EA7-AEEB-9C62D43812E6}.AppStore|iPhoneSimulator.Deploy.0 = AppStore|iPhoneSimulator
		{C0DAEB27-583C-4EA7-AEEB-9C62D43812E6}.Debug|Any CPU.ActiveCfg = Debug|iPhoneSimulator
		{C0DAEB27-583C-4EA7-AEEB-9C62D43812E6}.Debug|Any CPU.Build.0 = Debug|iPhoneSimulator
		{C0DAEB27-583C-4EA7-AEEB-9C62D43812E6}.Debug|Any CPU.Deploy.0 = Debug|iPhoneSimulator
		{C0DAEB27-583C-4EA7-AEEB-9C62D43812E6}.Debug|iPhone.ActiveCfg = Debug|iPhone
		{C0DAEB27-583C-4EA7-AEEB-9C62D43812E6}.Debug|iPhone.Build.0 = Debug|iPhone
		{C0DAEB27-583C-4EA7-AEEB-9C62D43812E6}.Debug|iPhone.Deploy.0 = Debug|iPhone
		{C0DAEB27-583C-4EA7-AEEB-9C62D43812E6}.Debug|iPhoneSimulator.ActiveCfg = Debug|iPhoneSimulator
		{C0DAEB27-583C-4EA7-AEEB-9C62D43812E6}.Debug|iPhoneSimulator.Build.0 = Debug|iPhoneSimulator
		{C0DAEB27-583C-4EA7-AEEB-9C62D43812E6}.Debug|iPhoneSimulator.Deploy.0 = Debug|iPhoneSimulator
		{C0DAEB27-583C-4EA7-AEEB-9C62D43812E6}.Release|Any CPU.ActiveCfg = Release|iPhone
		{C0DAEB27-583C-4EA7-AEEB-9C62D43812E6}.Release|Any CPU.Build.0 = Release|iPhone
		{C0DAEB27-583C-4EA7-AEEB-9C62D43812E6}.Release|Any CPU.Deploy.0 = Release|iPhone
		{C0DAEB27-583C-4EA7-AEEB-9C62D43812E6}.Release|iPhone.ActiveCfg = Release|iPhone
		{C0DAEB27-583C-4EA7-AEEB-9C62D43812E6}.Release|iPhone.Build.0 = Release|iPhone
		{C0DAEB27-583C-4EA7-AEEB-9C62D43812E6}.Release|iPhone.Deploy.0 = Release|iPhone
		{C0DAEB27-583C-4EA7-AEEB-9C62D43812E6}.Release|iPhoneSimulator.ActiveCfg = Release|iPhoneSimulator
		{C0DAEB27-583C-4EA7-AEEB-9C62D43812E6}.Release|iPhoneSimulator.Build.0 = Release|iPhoneSimulator
		{C0DAEB27-583C-4EA7-AEEB-9C62D43812E6}.Release|iPhoneSimulator.Deploy.0 = Release|iPhoneSimulator
		{A4F181D8-4509-4A86-A2C1-12DA0AB32452}.Ad-Hoc|Any CPU.ActiveCfg = Debug|Any CPU
		{A4F181D8-4509-4A86-A2C1-12DA0AB32452}.Ad-Hoc|Any CPU.Build.0 = Debug|Any CPU
		{A4F181D8-4509-4A86-A2C1-12DA0AB32452}.Ad-Hoc|Any CPU.Deploy.0 = Debug|Any CPU
		{A4F181D8-4509-4A86-A2C1-12DA0AB32452}.Ad-Hoc|iPhone.ActiveCfg = Debug|Any CPU
		{A4F181D8-4509-4A86-A2C1-12DA0AB32452}.Ad-Hoc|iPhone.Build.0 = Debug|Any CPU
		{A4F181D8-4509-4A86-A2C1-12DA0AB32452}.Ad-Hoc|iPhone.Deploy.0 = Debug|Any CPU
		{A4F181D8-4509-4A86-A2C1-12DA0AB32452}.Ad-Hoc|iPhoneSimulator.ActiveCfg = Debug|Any CPU
		{A4F181D8-4509-4A86-A2C1-12DA0AB32452}.Ad-Hoc|iPhoneSimulator.Build.0 = Debug|Any CPU
		{A4F181D8-4509-4A86-A2C1-12DA0AB32452}.Ad-Hoc|iPhoneSimulator.Deploy.0 = Debug|Any CPU
		{A4F181D8-4509-4A86-A2C1-12DA0AB32452}.AppStore|Any CPU.ActiveCfg = Debug|Any CPU
		{A4F181D8-4509-4A86-A2C1-12DA0AB32452}.AppStore|Any CPU.Build.0 = Debug|Any CPU
		{A4F181D8-4509-4A86-A2C1-12DA0AB32452}.AppStore|Any CPU.Deploy.0 = Debug|Any CPU
		{A4F181D8-4509-4A86-A2C1-12DA0AB32452}.AppStore|iPhone.ActiveCfg = Debug|Any CPU
		{A4F181D8-4509-4A86-A2C1-12DA0AB32452}.AppStore|iPhone.Build.0 = Debug|Any CPU
		{A4F181D8-4509-4A86-A2C1-12DA0AB32452}.AppStore|iPhone.Deploy.0 = Debug|Any CPU
		{A4F181D8-4509-4A86-A2C1-12DA0AB32452}.AppStore|iPhoneSimulator.ActiveCfg = Debug|Any CPU
		{A4F181D8-4509-4A86-A2C1-12DA0AB32452}.AppStore|iPhoneSimulator.Build.0 = Debug|Any CPU
		{A4F181D8-4509-4A86-A2C1-12DA0AB32452}.AppStore|iPhoneSimulator.Deploy.0 = Debug|Any CPU
		{A4F181D8-4509-4A86-A2C1-12DA0AB32452}.Debug|Any CPU.ActiveCfg = Debug|Any CPU
		{A4F181D8-4509-4A86-A2C1-12DA0AB32452}.Debug|Any CPU.Build.0 = Debug|Any CPU
		{A4F181D8-4509-4A86-A2C1-12DA0AB32452}.Debug|Any CPU.Deploy.0 = Debug|Any CPU
		{A4F181D8-4509-4A86-A2C1-12DA0AB32452}.Debug|iPhone.ActiveCfg = Debug|Any CPU
		{A4F181D8-4509-4A86-A2C1-12DA0AB32452}.Debug|iPhone.Build.0 = Debug|Any CPU
		{A4F181D8-4509-4A86-A2C1-12DA0AB32452}.Debug|iPhone.Deploy.0 = Debug|Any CPU
		{A4F181D8-4509-4A86-A2C1-12DA0AB32452}.Debug|iPhoneSimulator.ActiveCfg = Debug|Any CPU
		{A4F181D8-4509-4A86-A2C1-12DA0AB32452}.Debug|iPhoneSimulator.Build.0 = Debug|Any CPU
		{A4F181D8-4509-4A86-A2C1-12DA0AB32452}.Debug|iPhoneSimulator.Deploy.0 = Debug|Any CPU
		{A4F181D8-4509-4A86-A2C1-12DA0AB32452}.Release|Any CPU.ActiveCfg = Release|Any CPU
		{A4F181D8-4509-4A86-A2C1-12DA0AB32452}.Release|Any CPU.Build.0 = Release|Any CPU
		{A4F181D8-4509-4A86-A2C1-12DA0AB32452}.Release|Any CPU.Deploy.0 = Release|Any CPU
		{A4F181D8-4509-4A86-A2C1-12DA0AB32452}.Release|iPhone.ActiveCfg = Release|Any CPU
		{A4F181D8-4509-4A86-A2C1-12DA0AB32452}.Release|iPhone.Build.0 = Release|Any CPU
		{A4F181D8-4509-4A86-A2C1-12DA0AB32452}.Release|iPhone.Deploy.0 = Release|Any CPU
		{A4F181D8-4509-4A86-A2C1-12DA0AB32452}.Release|iPhoneSimulator.ActiveCfg = Release|Any CPU
		{A4F181D8-4509-4A86-A2C1-12DA0AB32452}.Release|iPhoneSimulator.Build.0 = Release|Any CPU
		{A4F181D8-4509-4A86-A2C1-12DA0AB32452}.Release|iPhoneSimulator.Deploy.0 = Release|Any CPU
	EndGlobalSection
	GlobalSection(SolutionProperties) = preSolution
		HideSolutionNode = FALSE
	EndGlobalSection
	GlobalSection(ExtensibilityGlobals) = postSolution
		SolutionGuid = {6C99A280-2BD9-4599-B5C0-EAF2A3787E56}
	EndGlobalSection
EndGlobal
